
Microsoft Visual Studio Solution File, Format Version 11.00
# Visual Studio 2010
Project("{8BC9CEB8-8B4A-11D0-8D11-00A0C91BC942}") = "Accel", "Accel\Accel.vcxproj", "{5ECC1E03-F0BA-4FAD-96A7-10A80CA71BCB}"
EndProject
Global
	GlobalSection(SolutionConfigurationPlatforms) = preSolution
		Debug|Win32 = Debug|Win32
		Release|Win32 = Release|Win32
	EndGlobalSection
	GlobalSection(ProjectConfigurationPlatforms) = postSolution
		{5ECC1E03-F0BA-4FAD-96A7-10A80CA71BCB}.Debug|Win32.ActiveCfg = Debug|Win32
		{5ECC1E03-F0BA-4FAD-96A7-10A80CA71BCB}.Debug|Win32.Build.0 = Debug|Win32
		{5ECC1E03-F0BA-4FAD-96A7-10A80CA71BCB}.Release|Win32.ActiveCfg = Release|Win32
		{5ECC1E03-F0BA-4FAD-96A7-10A80CA71BCB}.Release|Win32.Build.0 = Release|Win32
	EndGlobalSection
	GlobalSection(SolutionProperties) = preSolution
		HideSolutionNode = FALSE
	EndGlobalSection
EndGlobal
